
Microsoft Visual Studio Solution File, Format Version 12.00
# Visual Studio Version 16
VisualStudioVersion = 16.0.29411.108
MinimumVisualStudioVersion = 10.0.40219.1
Project("{FAE04EC0-301F-11D3-BF4B-00C04F79EFBC}") = "AplikacjaProbna", "AplikacjaProbna.csproj", "{F582E237-BF3E-4075-99B2-5912DD48E548}"
EndProject
Global
	GlobalSection(SolutionConfigurationPlatforms) = preSolution
		Debug|Any CPU = Debug|Any CPU
		Release|Any CPU = Release|Any CPU
	EndGlobalSection
	GlobalSection(ProjectConfigurationPlatforms) = postSolution
		{F582E237-BF3E-4075-99B2-5912DD48E548}.Debug|Any CPU.ActiveCfg = Debug|Any CPU
		{F582E237-BF3E-4075-99B2-5912DD48E548}.Debug|Any CPU.Build.0 = Debug|Any CPU
		{F582E237-BF3E-4075-99B2-5912DD48E548}.Release|Any CPU.ActiveCfg = Release|Any CPU
		{F582E237-BF3E-4075-99B2-5912DD48E548}.Release|Any CPU.Build.0 = Release|Any CPU
	EndGlobalSection
	GlobalSection(SolutionProperties) = preSolution
		HideSolutionNode = FALSE
	EndGlobalSection
	GlobalSection(ExtensibilityGlobals) = postSolution
		SolutionGuid = {E6446AAD-85A4-4BD6-829E-EE162CB5085A}
	EndGlobalSection
EndGlobal
